
Microsoft Visual Studio Solution File, Format Version 12.00
# Visual Studio Version 17
VisualStudioVersion = 17.1.32228.430
MinimumVisualStudioVersion = 10.0.40219.1
Project("{9A19103F-16F7-4668-BE54-9A1E7A4F7556}") = "Ez.Hress.FunctionsApi", "Ez.Hress.FunctionsApi.csproj", "{C6FFD510-7C37-4FFB-A2D9-0FAC42DA4E45}"
EndProject
Project("{9A19103F-16F7-4668-BE54-9A1E7A4F7556}") = "Ez.Hress.Hardhead", "..\Ez.Hress.Hardhead\Ez.Hress.Hardhead.csproj", "{187BE088-1F45-4FA9-A613-725265D89FEF}"
EndProject
Project("{9A19103F-16F7-4668-BE54-9A1E7A4F7556}") = "Ez.Hress.UnitTest", "..\Ez.Hress.UnitTest\Ez.Hress.UnitTest.csproj", "{7E8A36BB-F3F9-4440-9670-E0334BB53A02}"
EndProject
Global
	GlobalSection(SolutionConfigurationPlatforms) = preSolution
		Debug|Any CPU = Debug|Any CPU
		Release|Any CPU = Release|Any CPU
	EndGlobalSection
	GlobalSection(ProjectConfigurationPlatforms) = postSolution
		{C6FFD510-7C37-4FFB-A2D9-0FAC42DA4E45}.Debug|Any CPU.ActiveCfg = Debug|Any CPU
		{C6FFD510-7C37-4FFB-A2D9-0FAC42DA4E45}.Debug|Any CPU.Build.0 = Debug|Any CPU
		{C6FFD510-7C37-4FFB-A2D9-0FAC42DA4E45}.Release|Any CPU.ActiveCfg = Release|Any CPU
		{C6FFD510-7C37-4FFB-A2D9-0FAC42DA4E45}.Release|Any CPU.Build.0 = Release|Any CPU
		{187BE088-1F45-4FA9-A613-725265D89FEF}.Debug|Any CPU.ActiveCfg = Debug|Any CPU
		{187BE088-1F45-4FA9-A613-725265D89FEF}.Debug|Any CPU.Build.0 = Debug|Any CPU
		{187BE088-1F45-4FA9-A613-725265D89FEF}.Release|Any CPU.ActiveCfg = Release|Any CPU
		{187BE088-1F45-4FA9-A613-725265D89FEF}.Release|Any CPU.Build.0 = Release|Any CPU
		{7E8A36BB-F3F9-4440-9670-E0334BB53A02}.Debug|Any CPU.ActiveCfg = Debug|Any CPU
		{7E8A36BB-F3F9-4440-9670-E0334BB53A02}.Debug|Any CPU.Build.0 = Debug|Any CPU
		{7E8A36BB-F3F9-4440-9670-E0334BB53A02}.Release|Any CPU.ActiveCfg = Release|Any CPU
		{7E8A36BB-F3F9-4440-9670-E0334BB53A02}.Release|Any CPU.Build.0 = Release|Any CPU
	EndGlobalSection
	GlobalSection(SolutionProperties) = preSolution
		HideSolutionNode = FALSE
	EndGlobalSection
	GlobalSection(ExtensibilityGlobals) = postSolution
		SolutionGuid = {80EBAB76-5718-4A0E-8A18-73DD70AA06DF}
	EndGlobalSection
EndGlobal
